
Microsoft Visual Studio Solution File, Format Version 12.00
# Visual Studio Version 16
VisualStudioVersion = 16.0.32002.261
MinimumVisualStudioVersion = 10.0.40219.1
Project("{FAE04EC0-301F-11D3-BF4B-00C04F79EFBC}") = "Contacts", "Contacts.csproj", "{D7E3AF01-13BB-4F2E-9F52-03CB72946000}"
EndProject
Global
	GlobalSection(SolutionConfigurationPlatforms) = preSolution
		Debug|Any CPU = Debug|Any CPU
		Release|Any CPU = Release|Any CPU
	EndGlobalSection
	GlobalSection(ProjectConfigurationPlatforms) = postSolution
		{D7E3AF01-13BB-4F2E-9F52-03CB72946000}.Debug|Any CPU.ActiveCfg = Debug|Any CPU
		{D7E3AF01-13BB-4F2E-9F52-03CB72946000}.Debug|Any CPU.Build.0 = Debug|Any CPU
		{D7E3AF01-13BB-4F2E-9F52-03CB72946000}.Release|Any CPU.ActiveCfg = Release|Any CPU
		{D7E3AF01-13BB-4F2E-9F52-03CB72946000}.Release|Any CPU.Build.0 = Release|Any CPU
	EndGlobalSection
	GlobalSection(SolutionProperties) = preSolution
		HideSolutionNode = FALSE
	EndGlobalSection
	GlobalSection(ExtensibilityGlobals) = postSolution
		SolutionGuid = {92D9A4DC-B79C-498A-8AC5-9B6B6432EF68}
	EndGlobalSection
EndGlobal
